
Microsoft Visual Studio Solution File, Format Version 12.00
# Visual Studio Version 16
VisualStudioVersion = 16.0.30413.136
MinimumVisualStudioVersion = 10.0.40219.1
Project("{FAE04EC0-301F-11D3-BF4B-00C04F79EFBC}") = "Net31.Wynnie.FinalExam", "Net31.Wynnie.FinalExam\Net31.Wynnie.FinalExam.csproj", "{586EF4FB-89D8-44A0-9402-A1E94B0B244A}"
EndProject
Global
	GlobalSection(SolutionConfigurationPlatforms) = preSolution
		Debug|Any CPU = Debug|Any CPU
		Release|Any CPU = Release|Any CPU
	EndGlobalSection
	GlobalSection(ProjectConfigurationPlatforms) = postSolution
		{586EF4FB-89D8-44A0-9402-A1E94B0B244A}.Debug|Any CPU.ActiveCfg = Debug|Any CPU
		{586EF4FB-89D8-44A0-9402-A1E94B0B244A}.Debug|Any CPU.Build.0 = Debug|Any CPU
		{586EF4FB-89D8-44A0-9402-A1E94B0B244A}.Release|Any CPU.ActiveCfg = Release|Any CPU
		{586EF4FB-89D8-44A0-9402-A1E94B0B244A}.Release|Any CPU.Build.0 = Release|Any CPU
	EndGlobalSection
	GlobalSection(SolutionProperties) = preSolution
		HideSolutionNode = FALSE
	EndGlobalSection
	GlobalSection(ExtensibilityGlobals) = postSolution
		SolutionGuid = {FCB1E385-B6C0-4C19-B9F8-52FC2E847ABD}
	EndGlobalSection
EndGlobal
